
Microsoft Visual Studio Solution File, Format Version 12.00
# Visual Studio Version 16
VisualStudioVersion = 16.0.31205.134
MinimumVisualStudioVersion = 10.0.40219.1
Project("{FAE04EC0-301F-11D3-BF4B-00C04F79EFBC}") = "Task1", "Task1.csproj", "{C619BFEC-080D-4B9A-B7B9-00F74A09C68F}"
EndProject
Project("{FAE04EC0-301F-11D3-BF4B-00C04F79EFBC}") = "Task2", "..\Task2\Task2.csproj", "{906DE990-EAD6-413B-B829-17C77BA264D4}"
EndProject
Project("{FAE04EC0-301F-11D3-BF4B-00C04F79EFBC}") = "Task3", "..\Task3\Task3.csproj", "{AD1E3DC4-D28D-48D0-BFED-38D3FFC15BFD}"
EndProject
Project("{2150E333-8FDC-42A3-9474-1A3956D46DE8}") = "Solution Items", "Solution Items", "{71C5EF10-A9F3-4EBB-A48E-01AF1251935E}"
	ProjectSection(SolutionItems) = preProject
		.editorconfig = .editorconfig
	EndProjectSection
EndProject
Global
	GlobalSection(SolutionConfigurationPlatforms) = preSolution
		Debug|Any CPU = Debug|Any CPU
		Release|Any CPU = Release|Any CPU
	EndGlobalSection
	GlobalSection(ProjectConfigurationPlatforms) = postSolution
		{C619BFEC-080D-4B9A-B7B9-00F74A09C68F}.Debug|Any CPU.ActiveCfg = Debug|Any CPU
		{C619BFEC-080D-4B9A-B7B9-00F74A09C68F}.Debug|Any CPU.Build.0 = Debug|Any CPU
		{C619BFEC-080D-4B9A-B7B9-00F74A09C68F}.Release|Any CPU.ActiveCfg = Release|Any CPU
		{C619BFEC-080D-4B9A-B7B9-00F74A09C68F}.Release|Any CPU.Build.0 = Release|Any CPU
		{906DE990-EAD6-413B-B829-17C77BA264D4}.Debug|Any CPU.ActiveCfg = Debug|Any CPU
		{906DE990-EAD6-413B-B829-17C77BA264D4}.Debug|Any CPU.Build.0 = Debug|Any CPU
		{906DE990-EAD6-413B-B829-17C77BA264D4}.Release|Any CPU.ActiveCfg = Release|Any CPU
		{906DE990-EAD6-413B-B829-17C77BA264D4}.Release|Any CPU.Build.0 = Release|Any CPU
		{AD1E3DC4-D28D-48D0-BFED-38D3FFC15BFD}.Debug|Any CPU.ActiveCfg = Debug|Any CPU
		{AD1E3DC4-D28D-48D0-BFED-38D3FFC15BFD}.Debug|Any CPU.Build.0 = Debug|Any CPU
		{AD1E3DC4-D28D-48D0-BFED-38D3FFC15BFD}.Release|Any CPU.ActiveCfg = Release|Any CPU
		{AD1E3DC4-D28D-48D0-BFED-38D3FFC15BFD}.Release|Any CPU.Build.0 = Release|Any CPU
	EndGlobalSection
	GlobalSection(SolutionProperties) = preSolution
		HideSolutionNode = FALSE
	EndGlobalSection
	GlobalSection(ExtensibilityGlobals) = postSolution
		SolutionGuid = {6B95CF75-493A-48A9-BD04-1CCD60CC1F1F}
	EndGlobalSection
EndGlobal
