
Microsoft Visual Studio Solution File, Format Version 12.00
# Visual Studio Version 16
VisualStudioVersion = 16.0.31205.134
MinimumVisualStudioVersion = 10.0.40219.1
Project("{FAE04EC0-301F-11D3-BF4B-00C04F79EFBC}") = "Task4", "Task4.csproj", "{88601E19-6E4B-49B7-BA23-224249A4CEF1}"
EndProject
Global
	GlobalSection(SolutionConfigurationPlatforms) = preSolution
		Debug|Any CPU = Debug|Any CPU
		Release|Any CPU = Release|Any CPU
	EndGlobalSection
	GlobalSection(ProjectConfigurationPlatforms) = postSolution
		{88601E19-6E4B-49B7-BA23-224249A4CEF1}.Debug|Any CPU.ActiveCfg = Debug|Any CPU
		{88601E19-6E4B-49B7-BA23-224249A4CEF1}.Debug|Any CPU.Build.0 = Debug|Any CPU
		{88601E19-6E4B-49B7-BA23-224249A4CEF1}.Release|Any CPU.ActiveCfg = Release|Any CPU
		{88601E19-6E4B-49B7-BA23-224249A4CEF1}.Release|Any CPU.Build.0 = Release|Any CPU
	EndGlobalSection
	GlobalSection(SolutionProperties) = preSolution
		HideSolutionNode = FALSE
	EndGlobalSection
	GlobalSection(ExtensibilityGlobals) = postSolution
		SolutionGuid = {D14A9E00-A9F0-408F-BD34-9C5FD976AD30}
	EndGlobalSection
EndGlobal
